
Microsoft Visual Studio Solution File, Format Version 12.00
# Visual Studio Version 16
VisualStudioVersion = 16.0.29911.84
MinimumVisualStudioVersion = 10.0.40219.1
Project("{FAE04EC0-301F-11D3-BF4B-00C04F79EFBC}") = "Sharpnado.Acrylic.Android", "Sharpnado.Acrylic.Android\Sharpnado.Acrylic.Android.csproj", "{2C7C286C-5A73-417F-A49B-24A1E447111C}"
EndProject
Project("{FAE04EC0-301F-11D3-BF4B-00C04F79EFBC}") = "Sharpnado.Acrylic.iOS", "Sharpnado.Acrylic.iOS\Sharpnado.Acrylic.iOS.csproj", "{480E2C62-C51B-4031-A73B-E4A0F746F972}"
EndProject
Project("{9A19103F-16F7-4668-BE54-9A1E7A4F7556}") = "Sharpnado.Acrylic", "Sharpnado.Acrylic\Sharpnado.Acrylic.csproj", "{4A4B357C-63C2-4572-B25F-0CE9391B6766}"
EndProject
Project("{2150E333-8FDC-42A3-9474-1A3956D46DE8}") = "MaterialFrame", "MaterialFrame", "{932B157B-E2E3-44DE-8678-E344F4D85EE3}"
EndProject
Project("{9A19103F-16F7-4668-BE54-9A1E7A4F7556}") = "MaterialFrame", "..\..\MaterialFrame\MaterialFrame\MaterialFrame.csproj", "{127470F1-4C3F-442B-84C7-6B771CB5D113}"
EndProject
Project("{FAE04EC0-301F-11D3-BF4B-00C04F79EFBC}") = "MaterialFrame.Android", "..\..\MaterialFrame\MaterialFrame.Android\MaterialFrame.Android.csproj", "{F6719964-727A-4C81-9C32-FA0B08CA8AE6}"
EndProject
Project("{FAE04EC0-301F-11D3-BF4B-00C04F79EFBC}") = "MaterialFrame.iOS", "..\..\MaterialFrame\MaterialFrame.iOS\MaterialFrame.iOS.csproj", "{29B1C798-02D7-4732-ACC5-0FD2E4BBEC8B}"
EndProject
Project("{FAE04EC0-301F-11D3-BF4B-00C04F79EFBC}") = "MaterialFrame.UWP", "..\..\MaterialFrame\MaterialFrame.UWP\MaterialFrame.UWP.csproj", "{1E904232-AE2E-4D45-95F3-0C9F4D12831C}"
EndProject
Project("{FAE04EC0-301F-11D3-BF4B-00C04F79EFBC}") = "Sharpnado.Acrylic.UWP", "Sharpnado.Acrylic.UWP\Sharpnado.Acrylic.UWP.csproj", "{3D3B737E-06E6-4A77-8A3B-789837CE2D11}"
EndProject
Global
	GlobalSection(SolutionConfigurationPlatforms) = preSolution
		Debug|Any CPU = Debug|Any CPU
		Debug|ARM = Debug|ARM
		Debug|ARM64 = Debug|ARM64
		Debug|iPhone = Debug|iPhone
		Debug|iPhoneSimulator = Debug|iPhoneSimulator
		Debug|x64 = Debug|x64
		Debug|x86 = Debug|x86
		Release|Any CPU = Release|Any CPU
		Release|ARM = Release|ARM
		Release|ARM64 = Release|ARM64
		Release|iPhone = Release|iPhone
		Release|iPhoneSimulator = Release|iPhoneSimulator
		Release|x64 = Release|x64
		Release|x86 = Release|x86
		ReleaseAndroid9.0|Any CPU = ReleaseAndroid9.0|Any CPU
		ReleaseAndroid9.0|ARM = ReleaseAndroid9.0|ARM
		ReleaseAndroid9.0|ARM64 = ReleaseAndroid9.0|ARM64
		ReleaseAndroid9.0|iPhone = ReleaseAndroid9.0|iPhone
		ReleaseAndroid9.0|iPhoneSimulator = ReleaseAndroid9.0|iPhoneSimulator
		ReleaseAndroid9.0|x64 = ReleaseAndroid9.0|x64
		ReleaseAndroid9.0|x86 = ReleaseAndroid9.0|x86
	EndGlobalSection
	GlobalSection(ProjectConfigurationPlatforms) = postSolution
		{2C7C286C-5A73-417F-A49B-24A1E447111C}.Debug|Any CPU.ActiveCfg = Debug|Any CPU
		{2C7C286C-5A73-417F-A49B-24A1E447111C}.Debug|Any CPU.Build.0 = Debug|Any CPU
		{2C7C286C-5A73-417F-A49B-24A1E447111C}.Debug|Any CPU.Deploy.0 = Debug|Any CPU
		{2C7C286C-5A73-417F-A49B-24A1E447111C}.Debug|ARM.ActiveCfg = Debug|Any CPU
		{2C7C286C-5A73-417F-A49B-24A1E447111C}.Debug|ARM.Build.0 = Debug|Any CPU
		{2C7C286C-5A73-417F-A49B-24A1E447111C}.Debug|ARM.Deploy.0 = Debug|Any CPU
		{2C7C286C-5A73-417F-A49B-24A1E447111C}.Debug|ARM64.ActiveCfg = Debug|Any CPU
		{2C7C286C-5A73-417F-A49B-24A1E447111C}.Debug|ARM64.Build.0 = Debug|Any CPU
		{2C7C286C-5A73-417F-A49B-24A1E447111C}.Debug|ARM64.Deploy.0 = Debug|Any CPU
		{2C7C286C-5A73-417F-A49B-24A1E447111C}.Debug|iPhone.ActiveCfg = Debug|Any CPU
		{2C7C286C-5A73-417F-A49B-24A1E447111C}.Debug|iPhone.Build.0 = Debug|Any CPU
		{2C7C286C-5A73-417F-A49B-24A1E447111C}.Debug|iPhone.Deploy.0 = Debug|Any CPU
		{2C7C286C-5A73-417F-A49B-24A1E447111C}.Debug|iPhoneSimulator.ActiveCfg = Debug|Any CPU
		{2C7C286C-5A73-417F-A49B-24A1E447111C}.Debug|iPhoneSimulator.Build.0 = Debug|Any CPU
		{2C7C286C-5A73-417F-A49B-24A1E447111C}.Debug|iPhoneSimulator.Deploy.0 = Debug|Any CPU
		{2C7C286C-5A73-417F-A49B-24A1E447111C}.Debug|x64.ActiveCfg = Debug|Any CPU
		{2C7C286C-5A73-417F-A49B-24A1E447111C}.Debug|x64.Build.0 = Debug|Any CPU
		{2C7C286C-5A73-417F-A49B-24A1E447111C}.Debug|x64.Deploy.0 = Debug|Any CPU
		{2C7C286C-5A73-417F-A49B-24A1E447111C}.Debug|x86.ActiveCfg = Debug|Any CPU
		{2C7C286C-5A73-417F-A49B-24A1E447111C}.Debug|x86.Build.0 = Debug|Any CPU
		{2C7C286C-5A73-417F-A49B-24A1E447111C}.Debug|x86.Deploy.0 = Debug|Any CPU
		{2C7C286C-5A73-417F-A49B-24A1E447111C}.Release|Any CPU.ActiveCfg = Release|Any CPU
		{2C7C286C-5A73-417F-A49B-24A1E447111C}.Release|Any CPU.Build.0 = Release|Any CPU
		{2C7C286C-5A73-417F-A49B-24A1E447111C}.Release|Any CPU.Deploy.0 = Release|Any CPU
		{2C7C286C-5A73-417F-A49B-24A1E447111C}.Release|ARM.ActiveCfg = Release|Any CPU
		{2C7C286C-5A73-417F-A49B-24A1E447111C}.Release|ARM.Build.0 = Release|Any CPU
		{2C7C286C-5A73-417F-A49B-24A1E447111C}.Release|ARM.Deploy.0 = Release|Any CPU
		{2C7C286C-5A73-417F-A49B-24A1E447111C}.Release|ARM64.ActiveCfg = Release|Any CPU
		{2C7C286C-5A73-417F-A49B-24A1E447111C}.Release|ARM64.Build.0 = Release|Any CPU
		{2C7C286C-5A73-417F-A49B-24A1E447111C}.Release|ARM64.Deploy.0 = Release|Any CPU
		{2C7C286C-5A73-417F-A49B-24A1E447111C}.Release|iPhone.ActiveCfg = Release|Any CPU
		{2C7C286C-5A73-417F-A49B-24A1E447111C}.Release|iPhone.Build.0 = Release|Any CPU
		{2C7C286C-5A73-417F-A49B-24A1E447111C}.Release|iPhone.Deploy.0 = Release|Any CPU
		{2C7C286C-5A73-417F-A49B-24A1E447111C}.Release|iPhoneSimulator.ActiveCfg = Release|Any CPU
		{2C7C286C-5A73-417F-A49B-24A1E447111C}.Release|iPhoneSimulator.Build.0 = Release|Any CPU
		{2C7C286C-5A73-417F-A49B-24A1E447111C}.Release|iPhoneSimulator.Deploy.0 = Release|Any CPU
		{2C7C286C-5A73-417F-A49B-24A1E447111C}.Release|x64.ActiveCfg = Release|Any CPU
		{2C7C286C-5A73-417F-A49B-24A1E447111C}.Release|x64.Build.0 = Release|Any CPU
		{2C7C286C-5A73-417F-A49B-24A1E447111C}.Release|x64.Deploy.0 = Release|Any CPU
		{2C7C286C-5A73-417F-A49B-24A1E447111C}.Release|x86.ActiveCfg = Release|Any CPU
		{2C7C286C-5A73-417F-A49B-24A1E447111C}.Release|x86.Build.0 = Release|Any CPU
		{2C7C286C-5A73-417F-A49B-24A1E447111C}.Release|x86.Deploy.0 = Release|Any CPU
		{2C7C286C-5A73-417F-A49B-24A1E447111C}.ReleaseAndroid9.0|Any CPU.ActiveCfg = Release|Any CPU
		{2C7C286C-5A73-417F-A49B-24A1E447111C}.ReleaseAndroid9.0|Any CPU.Build.0 = Release|Any CPU
		{2C7C286C-5A73-417F-A49B-24A1E447111C}.ReleaseAndroid9.0|Any CPU.Deploy.0 = Release|Any CPU
		{2C7C286C-5A73-417F-A49B-24A1E447111C}.ReleaseAndroid9.0|ARM.ActiveCfg = Release|Any CPU
		{2C7C286C-5A73-417F-A49B-24A1E447111C}.ReleaseAndroid9.0|ARM.Build.0 = Release|Any CPU
		{2C7C286C-5A73-417F-A49B-24A1E447111C}.ReleaseAndroid9.0|ARM.Deploy.0 = Release|Any CPU
		{2C7C286C-5A73-417F-A49B-24A1E447111C}.ReleaseAndroid9.0|ARM64.ActiveCfg = Release|Any CPU
		{2C7C286C-5A73-417F-A49B-24A1E447111C}.ReleaseAndroid9.0|ARM64.Build.0 = Release|Any CPU
		{2C7C286C-5A73-417F-A49B-24A1E447111C}.ReleaseAndroid9.0|ARM64.Deploy.0 = Release|Any CPU
		{2C7C286C-5A73-417F-A49B-24A1E447111C}.ReleaseAndroid9.0|iPhone.ActiveCfg = Release|Any CPU
		{2C7C286C-5A73-417F-A49B-24A1E447111C}.ReleaseAndroid9.0|iPhone.Build.0 = Release|Any CPU
		{2C7C286C-5A73-417F-A49B-24A1E447111C}.ReleaseAndroid9.0|iPhone.Deploy.0 = Release|Any CPU
		{2C7C286C-5A73-417F-A49B-24A1E447111C}.ReleaseAndroid9.0|iPhoneSimulator.ActiveCfg = Release|Any CPU
		{2C7C286C-5A73-417F-A49B-24A1E447111C}.ReleaseAndroid9.0|iPhoneSimulator.Build.0 = Release|Any CPU
		{2C7C286C-5A73-417F-A49B-24A1E447111C}.ReleaseAndroid9.0|iPhoneSimulator.Deploy.0 = Release|Any CPU
		{2C7C286C-5A73-417F-A49B-24A1E447111C}.ReleaseAndroid9.0|x64.ActiveCfg = Release|Any CPU
		{2C7C286C-5A73-417F-A49B-24A1E447111C}.ReleaseAndroid9.0|x64.Build.0 = Release|Any CPU
		{2C7C286C-5A73-417F-A49B-24A1E447111C}.ReleaseAndroid9.0|x64.Deploy.0 = Release|Any CPU
		{2C7C286C-5A73-417F-A49B-24A1E447111C}.ReleaseAndroid9.0|x86.ActiveCfg = Release|Any CPU
		{2C7C286C-5A73-417F-A49B-24A1E447111C}.ReleaseAndroid9.0|x86.Build.0 = Release|Any CPU
		{2C7C286C-5A73-417F-A49B-24A1E447111C}.ReleaseAndroid9.0|x86.Deploy.0 = Release|Any CPU
		{480E2C62-C51B-4031-A73B-E4A0F746F972}.Debug|Any CPU.ActiveCfg = Debug|iPhone
		{480E2C62-C51B-4031-A73B-E4A0F746F972}.Debug|Any CPU.Build.0 = Debug|iPhone
		{480E2C62-C51B-4031-A73B-E4A0F746F972}.Debug|Any CPU.Deploy.0 = Debug|iPhone
		{480E2C62-C51B-4031-A73B-E4A0F746F972}.Debug|ARM.ActiveCfg = Debug|iPhoneSimulator
		{480E2C62-C51B-4031-A73B-E4A0F746F972}.Debug|ARM64.ActiveCfg = Debug|iPhoneSimulator
		{480E2C62-C51B-4031-A73B-E4A0F746F972}.Debug|iPhone.ActiveCfg = Debug|iPhone
		{480E2C62-C51B-4031-A73B-E4A0F746F972}.Debug|iPhone.Build.0 = Debug|iPhone
		{480E2C62-C51B-4031-A73B-E4A0F746F972}.Debug|iPhone.Deploy.0 = Debug|iPhone
		{480E2C62-C51B-4031-A73B-E4A0F746F972}.Debug|iPhoneSimulator.ActiveCfg = Debug|iPhoneSimulator
		{480E2C62-C51B-4031-A73B-E4A0F746F972}.Debug|iPhoneSimulator.Build.0 = Debug|iPhoneSimulator
		{480E2C62-C51B-4031-A73B-E4A0F746F972}.Debug|iPhoneSimulator.Deploy.0 = Debug|iPhoneSimulator
		{480E2C62-C51B-4031-A73B-E4A0F746F972}.Debug|x64.ActiveCfg = Debug|iPhoneSimulator
		{480E2C62-C51B-4031-A73B-E4A0F746F972}.Debug|x86.ActiveCfg = Debug|iPhoneSimulator
		{480E2C62-C51B-4031-A73B-E4A0F746F972}.Release|Any CPU.ActiveCfg = Release|iPhone
		{480E2C62-C51B-4031-A73B-E4A0F746F972}.Release|Any CPU.Build.0 = Release|iPhone
		{480E2C62-C51B-4031-A73B-E4A0F746F972}.Release|Any CPU.Deploy.0 = Release|iPhone
		{480E2C62-C51B-4031-A73B-E4A0F746F972}.Release|ARM.ActiveCfg = Release|iPhoneSimulator
		{480E2C62-C51B-4031-A73B-E4A0F746F972}.Release|ARM64.ActiveCfg = Release|iPhoneSimulator
		{480E2C62-C51B-4031-A73B-E4A0F746F972}.Release|iPhone.ActiveCfg = Release|iPhone
		{480E2C62-C51B-4031-A73B-E4A0F746F972}.Release|iPhone.Build.0 = Release|iPhone
		{480E2C62-C51B-4031-A73B-E4A0F746F972}.Release|iPhone.Deploy.0 = Release|iPhone
		{480E2C62-C51B-4031-A73B-E4A0F746F972}.Release|iPhoneSimulator.ActiveCfg = Release|iPhoneSimulator
		{480E2C62-C51B-4031-A73B-E4A0F746F972}.Release|iPhoneSimulator.Build.0 = Release|iPhoneSimulator
		{480E2C62-C51B-4031-A73B-E4A0F746F972}.Release|iPhoneSimulator.Deploy.0 = Release|iPhoneSimulator
		{480E2C62-C51B-4031-A73B-E4A0F746F972}.Release|x64.ActiveCfg = Release|iPhoneSimulator
		{480E2C62-C51B-4031-A73B-E4A0F746F972}.Release|x86.ActiveCfg = Release|iPhoneSimulator
		{480E2C62-C51B-4031-A73B-E4A0F746F972}.ReleaseAndroid9.0|Any CPU.ActiveCfg = Release|iPhoneSimulator
		{480E2C62-C51B-4031-A73B-E4A0F746F972}.ReleaseAndroid9.0|Any CPU.Build.0 = Release|iPhoneSimulator
		{480E2C62-C51B-4031-A73B-E4A0F746F972}.ReleaseAndroid9.0|ARM.ActiveCfg = Release|iPhoneSimulator
		{480E2C62-C51B-4031-A73B-E4A0F746F972}.ReleaseAndroid9.0|ARM.Build.0 = Release|iPhoneSimulator
		{480E2C62-C51B-4031-A73B-E4A0F746F972}.ReleaseAndroid9.0|ARM64.ActiveCfg = Release|iPhoneSimulator
		{480E2C62-C51B-4031-A73B-E4A0F746F972}.ReleaseAndroid9.0|ARM64.Build.0 = Release|iPhoneSimulator
		{480E2C62-C51B-4031-A73B-E4A0F746F972}.ReleaseAndroid9.0|iPhone.ActiveCfg = Release|iPhone
		{480E2C62-C51B-4031-A73B-E4A0F746F972}.ReleaseAndroid9.0|iPhone.Build.0 = Release|iPhone
		{480E2C62-C51B-4031-A73B-E4A0F746F972}.ReleaseAndroid9.0|iPhoneSimulator.ActiveCfg = Release|iPhoneSimulator
		{480E2C62-C51B-4031-A73B-E4A0F746F972}.ReleaseAndroid9.0|iPhoneSimulator.Build.0 = Release|iPhoneSimulator
		{480E2C62-C51B-4031-A73B-E4A0F746F972}.ReleaseAndroid9.0|x64.ActiveCfg = Release|iPhoneSimulator
		{480E2C62-C51B-4031-A73B-E4A0F746F972}.ReleaseAndroid9.0|x64.Build.0 = Release|iPhoneSimulator
		{480E2C62-C51B-4031-A73B-E4A0F746F972}.ReleaseAndroid9.0|x86.ActiveCfg = Release|iPhoneSimulator
		{480E2C62-C51B-4031-A73B-E4A0F746F972}.ReleaseAndroid9.0|x86.Build.0 = Release|iPhoneSimulator
		{4A4B357C-63C2-4572-B25F-0CE9391B6766}.Debug|Any CPU.ActiveCfg = Debug|Any CPU
		{4A4B357C-63C2-4572-B25F-0CE9391B6766}.Debug|Any CPU.Build.0 = Debug|Any CPU
		{4A4B357C-63C2-4572-B25F-0CE9391B6766}.Debug|Any CPU.Deploy.0 = Debug|Any CPU
		{4A4B357C-63C2-4572-B25F-0CE9391B6766}.Debug|ARM.ActiveCfg = Debug|Any CPU
		{4A4B357C-63C2-4572-B25F-0CE9391B6766}.Debug|ARM.Build.0 = Debug|Any CPU
		{4A4B357C-63C2-4572-B25F-0CE9391B6766}.Debug|ARM64.ActiveCfg = Debug|Any CPU
		{4A4B357C-63C2-4572-B25F-0CE9391B6766}.Debug|ARM64.Build.0 = Debug|Any CPU
		{4A4B357C-63C2-4572-B25F-0CE9391B6766}.Debug|iPhone.ActiveCfg = Debug|Any CPU
		{4A4B357C-63C2-4572-B25F-0CE9391B6766}.Debug|iPhone.Build.0 = Debug|Any CPU
		{4A4B357C-63C2-4572-B25F-0CE9391B6766}.Debug|iPhone.Deploy.0 = Debug|Any CPU
		{4A4B357C-63C2-4572-B25F-0CE9391B6766}.Debug|iPhoneSimulator.ActiveCfg = Debug|Any CPU
		{4A4B357C-63C2-4572-B25F-0CE9391B6766}.Debug|iPhoneSimulator.Build.0 = Debug|Any CPU
		{4A4B357C-63C2-4572-B25F-0CE9391B6766}.Debug|iPhoneSimulator.Deploy.0 = Debug|Any CPU
		{4A4B357C-63C2-4572-B25F-0CE9391B6766}.Debug|x64.ActiveCfg = Debug|Any CPU
		{4A4B357C-63C2-4572-B25F-0CE9391B6766}.Debug|x64.Build.0 = Debug|Any CPU
		{4A4B357C-63C2-4572-B25F-0CE9391B6766}.Debug|x86.ActiveCfg = Debug|Any CPU
		{4A4B357C-63C2-4572-B25F-0CE9391B6766}.Debug|x86.Build.0 = Debug|Any CPU
		{4A4B357C-63C2-4572-B25F-0CE9391B6766}.Release|Any CPU.ActiveCfg = Release|Any CPU
		{4A4B357C-63C2-4572-B25F-0CE9391B6766}.Release|Any CPU.Build.0 = Release|Any CPU
		{4A4B357C-63C2-4572-B25F-0CE9391B6766}.Release|Any CPU.Deploy.0 = Release|Any CPU
		{4A4B357C-63C2-4572-B25F-0CE9391B6766}.Release|ARM.ActiveCfg = Release|Any CPU
		{4A4B357C-63C2-4572-B25F-0CE9391B6766}.Release|ARM.Build.0 = Release|Any CPU
		{4A4B357C-63C2-4572-B25F-0CE9391B6766}.Release|ARM64.ActiveCfg = Release|Any CPU
		{4A4B357C-63C2-4572-B25F-0CE9391B6766}.Release|ARM64.Build.0 = Release|Any CPU
		{4A4B357C-63C2-4572-B25F-0CE9391B6766}.Release|iPhone.ActiveCfg = Release|Any CPU
		{4A4B357C-63C2-4572-B25F-0CE9391B6766}.Release|iPhone.Build.0 = Release|Any CPU
		{4A4B357C-63C2-4572-B25F-0CE9391B6766}.Release|iPhone.Deploy.0 = Release|Any CPU
		{4A4B357C-63C2-4572-B25F-0CE9391B6766}.Release|iPhoneSimulator.ActiveCfg = Release|Any CPU
		{4A4B357C-63C2-4572-B25F-0CE9391B6766}.Release|iPhoneSimulator.Build.0 = Release|Any CPU
		{4A4B357C-63C2-4572-B25F-0CE9391B6766}.Release|iPhoneSimulator.Deploy.0 = Release|Any CPU
		{4A4B357C-63C2-4572-B25F-0CE9391B6766}.Release|x64.ActiveCfg = Release|Any CPU
		{4A4B357C-63C2-4572-B25F-0CE9391B6766}.Release|x64.Build.0 = Release|Any CPU
		{4A4B357C-63C2-4572-B25F-0CE9391B6766}.Release|x86.ActiveCfg = Release|Any CPU
		{4A4B357C-63C2-4572-B25F-0CE9391B6766}.Release|x86.Build.0 = Release|Any CPU
		{4A4B357C-63C2-4572-B25F-0CE9391B6766}.ReleaseAndroid9.0|Any CPU.ActiveCfg = Release|Any CPU
		{4A4B357C-63C2-4572-B25F-0CE9391B6766}.ReleaseAndroid9.0|Any CPU.Build.0 = Release|Any CPU
		{4A4B357C-63C2-4572-B25F-0CE9391B6766}.ReleaseAndroid9.0|ARM.ActiveCfg = Release|Any CPU
		{4A4B357C-63C2-4572-B25F-0CE9391B6766}.ReleaseAndroid9.0|ARM.Build.0 = Release|Any CPU
		{4A4B357C-63C2-4572-B25F-0CE9391B6766}.ReleaseAndroid9.0|ARM64.ActiveCfg = Release|Any CPU
		{4A4B357C-63C2-4572-B25F-0CE9391B6766}.ReleaseAndroid9.0|ARM64.Build.0 = Release|Any CPU
		{4A4B357C-63C2-4572-B25F-0CE9391B6766}.ReleaseAndroid9.0|iPhone.ActiveCfg = Release|Any CPU
		{4A4B357C-63C2-4572-B25F-0CE9391B6766}.ReleaseAndroid9.0|iPhone.Build.0 = Release|Any CPU
		{4A4B357C-63C2-4572-B25F-0CE9391B6766}.ReleaseAndroid9.0|iPhoneSimulator.ActiveCfg = Release|Any CPU
		{4A4B357C-63C2-4572-B25F-0CE9391B6766}.ReleaseAndroid9.0|iPhoneSimulator.Build.0 = Release|Any CPU
		{4A4B357C-63C2-4572-B25F-0CE9391B6766}.ReleaseAndroid9.0|x64.ActiveCfg = Release|Any CPU
		{4A4B357C-63C2-4572-B25F-0CE9391B6766}.ReleaseAndroid9.0|x64.Build.0 = Release|Any CPU
		{4A4B357C-63C2-4572-B25F-0CE9391B6766}.ReleaseAndroid9.0|x86.ActiveCfg = Release|Any CPU
		{4A4B357C-63C2-4572-B25F-0CE9391B6766}.ReleaseAndroid9.0|x86.Build.0 = Release|Any CPU
		{127470F1-4C3F-442B-84C7-6B771CB5D113}.Debug|Any CPU.ActiveCfg = Debug|Any CPU
		{127470F1-4C3F-442B-84C7-6B771CB5D113}.Debug|Any CPU.Build.0 = Debug|Any CPU
		{127470F1-4C3F-442B-84C7-6B771CB5D113}.Debug|ARM.ActiveCfg = Debug|Any CPU
		{127470F1-4C3F-442B-84C7-6B771CB5D113}.Debug|ARM.Build.0 = Debug|Any CPU
		{127470F1-4C3F-442B-84C7-6B771CB5D113}.Debug|ARM64.ActiveCfg = Debug|Any CPU
		{127470F1-4C3F-442B-84C7-6B771CB5D113}.Debug|ARM64.Build.0 = Debug|Any CPU
		{127470F1-4C3F-442B-84C7-6B771CB5D113}.Debug|iPhone.ActiveCfg = Debug|Any CPU
		{127470F1-4C3F-442B-84C7-6B771CB5D113}.Debug|iPhone.Build.0 = Debug|Any CPU
		{127470F1-4C3F-442B-84C7-6B771CB5D113}.Debug|iPhoneSimulator.ActiveCfg = Debug|Any CPU
		{127470F1-4C3F-442B-84C7-6B771CB5D113}.Debug|iPhoneSimulator.Build.0 = Debug|Any CPU
		{127470F1-4C3F-442B-84C7-6B771CB5D113}.Debug|x64.ActiveCfg = Debug|Any CPU
		{127470F1-4C3F-442B-84C7-6B771CB5D113}.Debug|x64.Build.0 = Debug|Any CPU
		{127470F1-4C3F-442B-84C7-6B771CB5D113}.Debug|x86.ActiveCfg = Debug|Any CPU
		{127470F1-4C3F-442B-84C7-6B771CB5D113}.Debug|x86.Build.0 = Debug|Any CPU
		{127470F1-4C3F-442B-84C7-6B771CB5D113}.Release|Any CPU.ActiveCfg = Release|Any CPU
		{127470F1-4C3F-442B-84C7-6B771CB5D113}.Release|Any CPU.Build.0 = Release|Any CPU
		{127470F1-4C3F-442B-84C7-6B771CB5D113}.Release|ARM.ActiveCfg = Release|Any CPU
		{127470F1-4C3F-442B-84C7-6B771CB5D113}.Release|ARM.Build.0 = Release|Any CPU
		{127470F1-4C3F-442B-84C7-6B771CB5D113}.Release|ARM64.ActiveCfg = Release|Any CPU
		{127470F1-4C3F-442B-84C7-6B771CB5D113}.Release|ARM64.Build.0 = Release|Any CPU
		{127470F1-4C3F-442B-84C7-6B771CB5D113}.Release|iPhone.ActiveCfg = Release|Any CPU
		{127470F1-4C3F-442B-84C7-6B771CB5D113}.Release|iPhone.Build.0 = Release|Any CPU
		{127470F1-4C3F-442B-84C7-6B771CB5D113}.Release|iPhoneSimulator.ActiveCfg = Release|Any CPU
		{127470F1-4C3F-442B-84C7-6B771CB5D113}.Release|iPhoneSimulator.Build.0 = Release|Any CPU
		{127470F1-4C3F-442B-84C7-6B771CB5D113}.Release|x64.ActiveCfg = Release|Any CPU
		{127470F1-4C3F-442B-84C7-6B771CB5D113}.Release|x64.Build.0 = Release|Any CPU
		{127470F1-4C3F-442B-84C7-6B771CB5D113}.Release|x86.ActiveCfg = Release|Any CPU
		{127470F1-4C3F-442B-84C7-6B771CB5D113}.Release|x86.Build.0 = Release|Any CPU
		{127470F1-4C3F-442B-84C7-6B771CB5D113}.ReleaseAndroid9.0|Any CPU.ActiveCfg = Release|Any CPU
		{127470F1-4C3F-442B-84C7-6B771CB5D113}.ReleaseAndroid9.0|Any CPU.Build.0 = Release|Any CPU
		{127470F1-4C3F-442B-84C7-6B771CB5D113}.ReleaseAndroid9.0|ARM.ActiveCfg = Release|Any CPU
		{127470F1-4C3F-442B-84C7-6B771CB5D113}.ReleaseAndroid9.0|ARM.Build.0 = Release|Any CPU
		{127470F1-4C3F-442B-84C7-6B771CB5D113}.ReleaseAndroid9.0|ARM64.ActiveCfg = Release|Any CPU
		{127470F1-4C3F-442B-84C7-6B771CB5D113}.ReleaseAndroid9.0|ARM64.Build.0 = Release|Any CPU
		{127470F1-4C3F-442B-84C7-6B771CB5D113}.ReleaseAndroid9.0|iPhone.ActiveCfg = Release|Any CPU
		{127470F1-4C3F-442B-84C7-6B771CB5D113}.ReleaseAndroid9.0|iPhone.Build.0 = Release|Any CPU
		{127470F1-4C3F-442B-84C7-6B771CB5D113}.ReleaseAndroid9.0|iPhoneSimulator.ActiveCfg = Release|Any CPU
		{127470F1-4C3F-442B-84C7-6B771CB5D113}.ReleaseAndroid9.0|iPhoneSimulator.Build.0 = Release|Any CPU
		{127470F1-4C3F-442B-84C7-6B771CB5D113}.ReleaseAndroid9.0|x64.ActiveCfg = Release|Any CPU
		{127470F1-4C3F-442B-84C7-6B771CB5D113}.ReleaseAndroid9.0|x64.Build.0 = Release|Any CPU
		{127470F1-4C3F-442B-84C7-6B771CB5D113}.ReleaseAndroid9.0|x86.ActiveCfg = Release|Any CPU
		{127470F1-4C3F-442B-84C7-6B771CB5D113}.ReleaseAndroid9.0|x86.Build.0 = Release|Any CPU
		{F6719964-727A-4C81-9C32-FA0B08CA8AE6}.Debug|Any CPU.ActiveCfg = Debug|Any CPU
		{F6719964-727A-4C81-9C32-FA0B08CA8AE6}.Debug|Any CPU.Build.0 = Debug|Any CPU
		{F6719964-727A-4C81-9C32-FA0B08CA8AE6}.Debug|Any CPU.Deploy.0 = Debug|Any CPU
		{F6719964-727A-4C81-9C32-FA0B08CA8AE6}.Debug|ARM.ActiveCfg = Debug|Any CPU
		{F6719964-727A-4C81-9C32-FA0B08CA8AE6}.Debug|ARM.Build.0 = Debug|Any CPU
		{F6719964-727A-4C81-9C32-FA0B08CA8AE6}.Debug|ARM.Deploy.0 = Debug|Any CPU
		{F6719964-727A-4C81-9C32-FA0B08CA8AE6}.Debug|ARM64.ActiveCfg = Debug|Any CPU
		{F6719964-727A-4C81-9C32-FA0B08CA8AE6}.Debug|ARM64.Build.0 = Debug|Any CPU
		{F6719964-727A-4C81-9C32-FA0B08CA8AE6}.Debug|ARM64.Deploy.0 = Debug|Any CPU
		{F6719964-727A-4C81-9C32-FA0B08CA8AE6}.Debug|iPhone.ActiveCfg = Debug|Any CPU
		{F6719964-727A-4C81-9C32-FA0B08CA8AE6}.Debug|iPhone.Build.0 = Debug|Any CPU
		{F6719964-727A-4C81-9C32-FA0B08CA8AE6}.Debug|iPhone.Deploy.0 = Debug|Any CPU
		{F6719964-727A-4C81-9C32-FA0B08CA8AE6}.Debug|iPhoneSimulator.ActiveCfg = Debug|Any CPU
		{F6719964-727A-4C81-9C32-FA0B08CA8AE6}.Debug|iPhoneSimulator.Build.0 = Debug|Any CPU
		{F6719964-727A-4C81-9C32-FA0B08CA8AE6}.Debug|iPhoneSimulator.Deploy.0 = Debug|Any CPU
		{F6719964-727A-4C81-9C32-FA0B08CA8AE6}.Debug|x64.ActiveCfg = Debug|Any CPU
		{F6719964-727A-4C81-9C32-FA0B08CA8AE6}.Debug|x64.Build.0 = Debug|Any CPU
		{F6719964-727A-4C81-9C32-FA0B08CA8AE6}.Debug|x64.Deploy.0 = Debug|Any CPU
		{F6719964-727A-4C81-9C32-FA0B08CA8AE6}.Debug|x86.ActiveCfg = Debug|Any CPU
		{F6719964-727A-4C81-9C32-FA0B08CA8AE6}.Debug|x86.Build.0 = Debug|Any CPU
		{F6719964-727A-4C81-9C32-FA0B08CA8AE6}.Debug|x86.Deploy.0 = Debug|Any CPU
		{F6719964-727A-4C81-9C32-FA0B08CA8AE6}.Release|Any CPU.ActiveCfg = Release|Any CPU
		{F6719964-727A-4C81-9C32-FA0B08CA8AE6}.Release|Any CPU.Build.0 = Release|Any CPU
		{F6719964-727A-4C81-9C32-FA0B08CA8AE6}.Release|Any CPU.Deploy.0 = Release|Any CPU
		{F6719964-727A-4C81-9C32-FA0B08CA8AE6}.Release|ARM.ActiveCfg = Release|Any CPU
		{F6719964-727A-4C81-9C32-FA0B08CA8AE6}.Release|ARM.Build.0 = Release|Any CPU
		{F6719964-727A-4C81-9C32-FA0B08CA8AE6}.Release|ARM.Deploy.0 = Release|Any CPU
		{F6719964-727A-4C81-9C32-FA0B08CA8AE6}.Release|ARM64.ActiveCfg = Release|Any CPU
		{F6719964-727A-4C81-9C32-FA0B08CA8AE6}.Release|ARM64.Build.0 = Release|Any CPU
		{F6719964-727A-4C81-9C32-FA0B08CA8AE6}.Release|ARM64.Deploy.0 = Release|Any CPU
		{F6719964-727A-4C81-9C32-FA0B08CA8AE6}.Release|iPhone.ActiveCfg = Release|Any CPU
		{F6719964-727A-4C81-9C32-FA0B08CA8AE6}.Release|iPhone.Build.0 = Release|Any CPU
		{F6719964-727A-4C81-9C32-FA0B08CA8AE6}.Release|iPhone.Deploy.0 = Release|Any CPU
		{F6719964-727A-4C81-9C32-FA0B08CA8AE6}.Release|iPhoneSimulator.ActiveCfg = Release|Any CPU
		{F6719964-727A-4C81-9C32-FA0B08CA8AE6}.Release|iPhoneSimulator.Build.0 = Release|Any CPU
		{F6719964-727A-4C81-9C32-FA0B08CA8AE6}.Release|iPhoneSimulator.Deploy.0 = Release|Any CPU
		{F6719964-727A-4C81-9C32-FA0B08CA8AE6}.Release|x64.ActiveCfg = Release|Any CPU
		{F6719964-727A-4C81-9C32-FA0B08CA8AE6}.Release|x64.Build.0 = Release|Any CPU
		{F6719964-727A-4C81-9C32-FA0B08CA8AE6}.Release|x64.Deploy.0 = Release|Any CPU
		{F6719964-727A-4C81-9C32-FA0B08CA8AE6}.Release|x86.ActiveCfg = Release|Any CPU
		{F6719964-727A-4C81-9C32-FA0B08CA8AE6}.Release|x86.Build.0 = Release|Any CPU
		{F6719964-727A-4C81-9C32-FA0B08CA8AE6}.Release|x86.Deploy.0 = Release|Any CPU
		{F6719964-727A-4C81-9C32-FA0B08CA8AE6}.ReleaseAndroid9.0|Any CPU.ActiveCfg = ReleaseAndroid9.0|Any CPU
		{F6719964-727A-4C81-9C32-FA0B08CA8AE6}.ReleaseAndroid9.0|Any CPU.Build.0 = ReleaseAndroid9.0|Any CPU
		{F6719964-727A-4C81-9C32-FA0B08CA8AE6}.ReleaseAndroid9.0|Any CPU.Deploy.0 = ReleaseAndroid9.0|Any CPU
		{F6719964-727A-4C81-9C32-FA0B08CA8AE6}.ReleaseAndroid9.0|ARM.ActiveCfg = ReleaseAndroid9.0|Any CPU
		{F6719964-727A-4C81-9C32-FA0B08CA8AE6}.ReleaseAndroid9.0|ARM.Build.0 = ReleaseAndroid9.0|Any CPU
		{F6719964-727A-4C81-9C32-FA0B08CA8AE6}.ReleaseAndroid9.0|ARM.Deploy.0 = ReleaseAndroid9.0|Any CPU
		{F6719964-727A-4C81-9C32-FA0B08CA8AE6}.ReleaseAndroid9.0|ARM64.ActiveCfg = ReleaseAndroid9.0|Any CPU
		{F6719964-727A-4C81-9C32-FA0B08CA8AE6}.ReleaseAndroid9.0|ARM64.Build.0 = ReleaseAndroid9.0|Any CPU
		{F6719964-727A-4C81-9C32-FA0B08CA8AE6}.ReleaseAndroid9.0|ARM64.Deploy.0 = ReleaseAndroid9.0|Any CPU
		{F6719964-727A-4C81-9C32-FA0B08CA8AE6}.ReleaseAndroid9.0|iPhone.ActiveCfg = ReleaseAndroid9.0|Any CPU
		{F6719964-727A-4C81-9C32-FA0B08CA8AE6}.ReleaseAndroid9.0|iPhone.Build.0 = ReleaseAndroid9.0|Any CPU
		{F6719964-727A-4C81-9C32-FA0B08CA8AE6}.ReleaseAndroid9.0|iPhone.Deploy.0 = ReleaseAndroid9.0|Any CPU
		{F6719964-727A-4C81-9C32-FA0B08CA8AE6}.ReleaseAndroid9.0|iPhoneSimulator.ActiveCfg = ReleaseAndroid9.0|Any CPU
		{F6719964-727A-4C81-9C32-FA0B08CA8AE6}.ReleaseAndroid9.0|iPhoneSimulator.Build.0 = ReleaseAndroid9.0|Any CPU
		{F6719964-727A-4C81-9C32-FA0B08CA8AE6}.ReleaseAndroid9.0|iPhoneSimulator.Deploy.0 = ReleaseAndroid9.0|Any CPU
		{F6719964-727A-4C81-9C32-FA0B08CA8AE6}.ReleaseAndroid9.0|x64.ActiveCfg = ReleaseAndroid9.0|Any CPU
		{F6719964-727A-4C81-9C32-FA0B08CA8AE6}.ReleaseAndroid9.0|x64.Build.0 = ReleaseAndroid9.0|Any CPU
		{F6719964-727A-4C81-9C32-FA0B08CA8AE6}.ReleaseAndroid9.0|x64.Deploy.0 = ReleaseAndroid9.0|Any CPU
		{F6719964-727A-4C81-9C32-FA0B08CA8AE6}.ReleaseAndroid9.0|x86.ActiveCfg = ReleaseAndroid9.0|Any CPU
		{F6719964-727A-4C81-9C32-FA0B08CA8AE6}.ReleaseAndroid9.0|x86.Build.0 = ReleaseAndroid9.0|Any CPU
		{F6719964-727A-4C81-9C32-FA0B08CA8AE6}.ReleaseAndroid9.0|x86.Deploy.0 = ReleaseAndroid9.0|Any CPU
		{29B1C798-02D7-4732-ACC5-0FD2E4BBEC8B}.Debug|Any CPU.ActiveCfg = Debug|Any CPU
		{29B1C798-02D7-4732-ACC5-0FD2E4BBEC8B}.Debug|Any CPU.Build.0 = Debug|Any CPU
		{29B1C798-02D7-4732-ACC5-0FD2E4BBEC8B}.Debug|ARM.ActiveCfg = Debug|Any CPU
		{29B1C798-02D7-4732-ACC5-0FD2E4BBEC8B}.Debug|ARM.Build.0 = Debug|Any CPU
		{29B1C798-02D7-4732-ACC5-0FD2E4BBEC8B}.Debug|ARM64.ActiveCfg = Debug|Any CPU
		{29B1C798-02D7-4732-ACC5-0FD2E4BBEC8B}.Debug|ARM64.Build.0 = Debug|Any CPU
		{29B1C798-02D7-4732-ACC5-0FD2E4BBEC8B}.Debug|iPhone.ActiveCfg = Debug|Any CPU
		{29B1C798-02D7-4732-ACC5-0FD2E4BBEC8B}.Debug|iPhone.Build.0 = Debug|Any CPU
		{29B1C798-02D7-4732-ACC5-0FD2E4BBEC8B}.Debug|iPhoneSimulator.ActiveCfg = Debug|Any CPU
		{29B1C798-02D7-4732-ACC5-0FD2E4BBEC8B}.Debug|iPhoneSimulator.Build.0 = Debug|Any CPU
		{29B1C798-02D7-4732-ACC5-0FD2E4BBEC8B}.Debug|x64.ActiveCfg = Debug|Any CPU
		{29B1C798-02D7-4732-ACC5-0FD2E4BBEC8B}.Debug|x64.Build.0 = Debug|Any CPU
		{29B1C798-02D7-4732-ACC5-0FD2E4BBEC8B}.Debug|x86.ActiveCfg = Debug|Any CPU
		{29B1C798-02D7-4732-ACC5-0FD2E4BBEC8B}.Debug|x86.Build.0 = Debug|Any CPU
		{29B1C798-02D7-4732-ACC5-0FD2E4BBEC8B}.Release|Any CPU.ActiveCfg = Release|Any CPU
		{29B1C798-02D7-4732-ACC5-0FD2E4BBEC8B}.Release|Any CPU.Build.0 = Release|Any CPU
		{29B1C798-02D7-4732-ACC5-0FD2E4BBEC8B}.Release|ARM.ActiveCfg = Release|Any CPU
		{29B1C798-02D7-4732-ACC5-0FD2E4BBEC8B}.Release|ARM.Build.0 = Release|Any CPU
		{29B1C798-02D7-4732-ACC5-0FD2E4BBEC8B}.Release|ARM64.ActiveCfg = Release|Any CPU
		{29B1C798-02D7-4732-ACC5-0FD2E4BBEC8B}.Release|ARM64.Build.0 = Release|Any CPU
		{29B1C798-02D7-4732-ACC5-0FD2E4BBEC8B}.Release|iPhone.ActiveCfg = Release|Any CPU
		{29B1C798-02D7-4732-ACC5-0FD2E4BBEC8B}.Release|iPhone.Build.0 = Release|Any CPU
		{29B1C798-02D7-4732-ACC5-0FD2E4BBEC8B}.Release|iPhoneSimulator.ActiveCfg = Release|Any CPU
		{29B1C798-02D7-4732-ACC5-0FD2E4BBEC8B}.Release|iPhoneSimulator.Build.0 = Release|Any CPU
		{29B1C798-02D7-4732-ACC5-0FD2E4BBEC8B}.Release|x64.ActiveCfg = Release|Any CPU
		{29B1C798-02D7-4732-ACC5-0FD2E4BBEC8B}.Release|x64.Build.0 = Release|Any CPU
		{29B1C798-02D7-4732-ACC5-0FD2E4BBEC8B}.Release|x86.ActiveCfg = Release|Any CPU
		{29B1C798-02D7-4732-ACC5-0FD2E4BBEC8B}.Release|x86.Build.0 = Release|Any CPU
		{29B1C798-02D7-4732-ACC5-0FD2E4BBEC8B}.ReleaseAndroid9.0|Any CPU.ActiveCfg = Release|Any CPU
		{29B1C798-02D7-4732-ACC5-0FD2E4BBEC8B}.ReleaseAndroid9.0|Any CPU.Build.0 = Release|Any CPU
		{29B1C798-02D7-4732-ACC5-0FD2E4BBEC8B}.ReleaseAndroid9.0|ARM.ActiveCfg = Release|Any CPU
		{29B1C798-02D7-4732-ACC5-0FD2E4BBEC8B}.ReleaseAndroid9.0|ARM.Build.0 = Release|Any CPU
		{29B1C798-02D7-4732-ACC5-0FD2E4BBEC8B}.ReleaseAndroid9.0|ARM64.ActiveCfg = Release|Any CPU
		{29B1C798-02D7-4732-ACC5-0FD2E4BBEC8B}.ReleaseAndroid9.0|ARM64.Build.0 = Release|Any CPU
		{29B1C798-02D7-4732-ACC5-0FD2E4BBEC8B}.ReleaseAndroid9.0|iPhone.ActiveCfg = Release|Any CPU
		{29B1C798-02D7-4732-ACC5-0FD2E4BBEC8B}.ReleaseAndroid9.0|iPhone.Build.0 = Release|Any CPU
		{29B1C798-02D7-4732-ACC5-0FD2E4BBEC8B}.ReleaseAndroid9.0|iPhoneSimulator.ActiveCfg = Release|Any CPU
		{29B1C798-02D7-4732-ACC5-0FD2E4BBEC8B}.ReleaseAndroid9.0|iPhoneSimulator.Build.0 = Release|Any CPU
		{29B1C798-02D7-4732-ACC5-0FD2E4BBEC8B}.ReleaseAndroid9.0|x64.ActiveCfg = Release|Any CPU
		{29B1C798-02D7-4732-ACC5-0FD2E4BBEC8B}.ReleaseAndroid9.0|x64.Build.0 = Release|Any CPU
		{29B1C798-02D7-4732-ACC5-0FD2E4BBEC8B}.ReleaseAndroid9.0|x86.ActiveCfg = Release|Any CPU
		{29B1C798-02D7-4732-ACC5-0FD2E4BBEC8B}.ReleaseAndroid9.0|x86.Build.0 = Release|Any CPU
		{1E904232-AE2E-4D45-95F3-0C9F4D12831C}.Debug|Any CPU.ActiveCfg = Debug|Any CPU
		{1E904232-AE2E-4D45-95F3-0C9F4D12831C}.Debug|Any CPU.Build.0 = Debug|Any CPU
		{1E904232-AE2E-4D45-95F3-0C9F4D12831C}.Debug|ARM.ActiveCfg = Debug|ARM
		{1E904232-AE2E-4D45-95F3-0C9F4D12831C}.Debug|ARM.Build.0 = Debug|ARM
		{1E904232-AE2E-4D45-95F3-0C9F4D12831C}.Debug|ARM64.ActiveCfg = Debug|ARM64
		{1E904232-AE2E-4D45-95F3-0C9F4D12831C}.Debug|ARM64.Build.0 = Debug|ARM64
		{1E904232-AE2E-4D45-95F3-0C9F4D12831C}.Debug|iPhone.ActiveCfg = Debug|Any CPU
		{1E904232-AE2E-4D45-95F3-0C9F4D12831C}.Debug|iPhone.Build.0 = Debug|Any CPU
		{1E904232-AE2E-4D45-95F3-0C9F4D12831C}.Debug|iPhoneSimulator.ActiveCfg = Debug|Any CPU
		{1E904232-AE2E-4D45-95F3-0C9F4D12831C}.Debug|iPhoneSimulator.Build.0 = Debug|Any CPU
		{1E904232-AE2E-4D45-95F3-0C9F4D12831C}.Debug|x64.ActiveCfg = Debug|x64
		{1E904232-AE2E-4D45-95F3-0C9F4D12831C}.Debug|x64.Build.0 = Debug|x64
		{1E904232-AE2E-4D45-95F3-0C9F4D12831C}.Debug|x86.ActiveCfg = Debug|x86
		{1E904232-AE2E-4D45-95F3-0C9F4D12831C}.Debug|x86.Build.0 = Debug|x86
		{1E904232-AE2E-4D45-95F3-0C9F4D12831C}.Release|Any CPU.ActiveCfg = Release|Any CPU
		{1E904232-AE2E-4D45-95F3-0C9F4D12831C}.Release|Any CPU.Build.0 = Release|Any CPU
		{1E904232-AE2E-4D45-95F3-0C9F4D12831C}.Release|ARM.ActiveCfg = Release|ARM
		{1E904232-AE2E-4D45-95F3-0C9F4D12831C}.Release|ARM.Build.0 = Release|ARM
		{1E904232-AE2E-4D45-95F3-0C9F4D12831C}.Release|ARM64.ActiveCfg = Release|ARM64
		{1E904232-AE2E-4D45-95F3-0C9F4D12831C}.Release|ARM64.Build.0 = Release|ARM64
		{1E904232-AE2E-4D45-95F3-0C9F4D12831C}.Release|iPhone.ActiveCfg = Release|Any CPU
		{1E904232-AE2E-4D45-95F3-0C9F4D12831C}.Release|iPhone.Build.0 = Release|Any CPU
		{1E904232-AE2E-4D45-95F3-0C9F4D12831C}.Release|iPhoneSimulator.ActiveCfg = Release|Any CPU
		{1E904232-AE2E-4D45-95F3-0C9F4D12831C}.Release|iPhoneSimulator.Build.0 = Release|Any CPU
		{1E904232-AE2E-4D45-95F3-0C9F4D12831C}.Release|x64.ActiveCfg = Release|x64
		{1E904232-AE2E-4D45-95F3-0C9F4D12831C}.Release|x64.Build.0 = Release|x64
		{1E904232-AE2E-4D45-95F3-0C9F4D12831C}.Release|x86.ActiveCfg = Release|x86
		{1E904232-AE2E-4D45-95F3-0C9F4D12831C}.Release|x86.Build.0 = Release|x86
		{1E904232-AE2E-4D45-95F3-0C9F4D12831C}.ReleaseAndroid9.0|Any CPU.ActiveCfg = Release|Any CPU
		{1E904232-AE2E-4D45-95F3-0C9F4D12831C}.ReleaseAndroid9.0|Any CPU.Build.0 = Release|Any CPU
		{1E904232-AE2E-4D45-95F3-0C9F4D12831C}.ReleaseAndroid9.0|ARM.ActiveCfg = Release|ARM
		{1E904232-AE2E-4D45-95F3-0C9F4D12831C}.ReleaseAndroid9.0|ARM.Build.0 = Release|ARM
		{1E904232-AE2E-4D45-95F3-0C9F4D12831C}.ReleaseAndroid9.0|ARM64.ActiveCfg = Release|ARM64
		{1E904232-AE2E-4D45-95F3-0C9F4D12831C}.ReleaseAndroid9.0|ARM64.Build.0 = Release|ARM64
		{1E904232-AE2E-4D45-95F3-0C9F4D12831C}.ReleaseAndroid9.0|iPhone.ActiveCfg = Release|Any CPU
		{1E904232-AE2E-4D45-95F3-0C9F4D12831C}.ReleaseAndroid9.0|iPhone.Build.0 = Release|Any CPU
		{1E904232-AE2E-4D45-95F3-0C9F4D12831C}.ReleaseAndroid9.0|iPhoneSimulator.ActiveCfg = Release|Any CPU
		{1E904232-AE2E-4D45-95F3-0C9F4D12831C}.ReleaseAndroid9.0|iPhoneSimulator.Build.0 = Release|Any CPU
		{1E904232-AE2E-4D45-95F3-0C9F4D12831C}.ReleaseAndroid9.0|x64.ActiveCfg = Release|x64
		{1E904232-AE2E-4D45-95F3-0C9F4D12831C}.ReleaseAndroid9.0|x64.Build.0 = Release|x64
		{1E904232-AE2E-4D45-95F3-0C9F4D12831C}.ReleaseAndroid9.0|x86.ActiveCfg = Release|x86
		{1E904232-AE2E-4D45-95F3-0C9F4D12831C}.ReleaseAndroid9.0|x86.Build.0 = Release|x86
		{3D3B737E-06E6-4A77-8A3B-789837CE2D11}.Debug|Any CPU.ActiveCfg = Debug|x86
		{3D3B737E-06E6-4A77-8A3B-789837CE2D11}.Debug|ARM.ActiveCfg = Debug|ARM
		{3D3B737E-06E6-4A77-8A3B-789837CE2D11}.Debug|ARM.Build.0 = Debug|ARM
		{3D3B737E-06E6-4A77-8A3B-789837CE2D11}.Debug|ARM.Deploy.0 = Debug|ARM
		{3D3B737E-06E6-4A77-8A3B-789837CE2D11}.Debug|ARM64.ActiveCfg = Debug|ARM64
		{3D3B737E-06E6-4A77-8A3B-789837CE2D11}.Debug|ARM64.Build.0 = Debug|ARM64
		{3D3B737E-06E6-4A77-8A3B-789837CE2D11}.Debug|ARM64.Deploy.0 = Debug|ARM64
		{3D3B737E-06E6-4A77-8A3B-789837CE2D11}.Debug|iPhone.ActiveCfg = Debug|x86
		{3D3B737E-06E6-4A77-8A3B-789837CE2D11}.Debug|iPhoneSimulator.ActiveCfg = Debug|x86
		{3D3B737E-06E6-4A77-8A3B-789837CE2D11}.Debug|x64.ActiveCfg = Debug|x64
		{3D3B737E-06E6-4A77-8A3B-789837CE2D11}.Debug|x64.Build.0 = Debug|x64
		{3D3B737E-06E6-4A77-8A3B-789837CE2D11}.Debug|x64.Deploy.0 = Debug|x64
		{3D3B737E-06E6-4A77-8A3B-789837CE2D11}.Debug|x86.ActiveCfg = Debug|x86
		{3D3B737E-06E6-4A77-8A3B-789837CE2D11}.Debug|x86.Build.0 = Debug|x86
		{3D3B737E-06E6-4A77-8A3B-789837CE2D11}.Debug|x86.Deploy.0 = Debug|x86
		{3D3B737E-06E6-4A77-8A3B-789837CE2D11}.Release|Any CPU.ActiveCfg = Release|x86
		{3D3B737E-06E6-4A77-8A3B-789837CE2D11}.Release|ARM.ActiveCfg = Release|ARM
		{3D3B737E-06E6-4A77-8A3B-789837CE2D11}.Release|ARM.Build.0 = Release|ARM
		{3D3B737E-06E6-4A77-8A3B-789837CE2D11}.Release|ARM.Deploy.0 = Release|ARM
		{3D3B737E-06E6-4A77-8A3B-789837CE2D11}.Release|ARM64.ActiveCfg = Release|ARM64
		{3D3B737E-06E6-4A77-8A3B-789837CE2D11}.Release|ARM64.Build.0 = Release|ARM64
		{3D3B737E-06E6-4A77-8A3B-789837CE2D11}.Release|ARM64.Deploy.0 = Release|ARM64
		{3D3B737E-06E6-4A77-8A3B-789837CE2D11}.Release|iPhone.ActiveCfg = Release|x86
		{3D3B737E-06E6-4A77-8A3B-789837CE2D11}.Release|iPhoneSimulator.ActiveCfg = Release|x86
		{3D3B737E-06E6-4A77-8A3B-789837CE2D11}.Release|x64.ActiveCfg = Release|x64
		{3D3B737E-06E6-4A77-8A3B-789837CE2D11}.Release|x64.Build.0 = Release|x64
		{3D3B737E-06E6-4A77-8A3B-789837CE2D11}.Release|x64.Deploy.0 = Release|x64
		{3D3B737E-06E6-4A77-8A3B-789837CE2D11}.Release|x86.ActiveCfg = Release|x86
		{3D3B737E-06E6-4A77-8A3B-789837CE2D11}.Release|x86.Build.0 = Release|x86
		{3D3B737E-06E6-4A77-8A3B-789837CE2D11}.Release|x86.Deploy.0 = Release|x86
		{3D3B737E-06E6-4A77-8A3B-789837CE2D11}.ReleaseAndroid9.0|Any CPU.ActiveCfg = Release|x64
		{3D3B737E-06E6-4A77-8A3B-789837CE2D11}.ReleaseAndroid9.0|Any CPU.Build.0 = Release|x64
		{3D3B737E-06E6-4A77-8A3B-789837CE2D11}.ReleaseAndroid9.0|Any CPU.Deploy.0 = Release|x64
		{3D3B737E-06E6-4A77-8A3B-789837CE2D11}.ReleaseAndroid9.0|ARM.ActiveCfg = Release|ARM
		{3D3B737E-06E6-4A77-8A3B-789837CE2D11}.ReleaseAndroid9.0|ARM.Build.0 = Release|ARM
		{3D3B737E-06E6-4A77-8A3B-789837CE2D11}.ReleaseAndroid9.0|ARM.Deploy.0 = Release|ARM
		{3D3B737E-06E6-4A77-8A3B-789837CE2D11}.ReleaseAndroid9.0|ARM64.ActiveCfg = Release|ARM64
		{3D3B737E-06E6-4A77-8A3B-789837CE2D11}.ReleaseAndroid9.0|ARM64.Build.0 = Release|ARM64
		{3D3B737E-06E6-4A77-8A3B-789837CE2D11}.ReleaseAndroid9.0|ARM64.Deploy.0 = Release|ARM64
		{3D3B737E-06E6-4A77-8A3B-789837CE2D11}.ReleaseAndroid9.0|iPhone.ActiveCfg = Release|x64
		{3D3B737E-06E6-4A77-8A3B-789837CE2D11}.ReleaseAndroid9.0|iPhone.Build.0 = Release|x64
		{3D3B737E-06E6-4A77-8A3B-789837CE2D11}.ReleaseAndroid9.0|iPhone.Deploy.0 = Release|x64
		{3D3B737E-06E6-4A77-8A3B-789837CE2D11}.ReleaseAndroid9.0|iPhoneSimulator.ActiveCfg = Release|x64
		{3D3B737E-06E6-4A77-8A3B-789837CE2D11}.ReleaseAndroid9.0|iPhoneSimulator.Build.0 = Release|x64
		{3D3B737E-06E6-4A77-8A3B-789837CE2D11}.ReleaseAndroid9.0|iPhoneSimulator.Deploy.0 = Release|x64
		{3D3B737E-06E6-4A77-8A3B-789837CE2D11}.ReleaseAndroid9.0|x64.ActiveCfg = Release|x64
		{3D3B737E-06E6-4A77-8A3B-789837CE2D11}.ReleaseAndroid9.0|x64.Build.0 = Release|x64
		{3D3B737E-06E6-4A77-8A3B-789837CE2D11}.ReleaseAndroid9.0|x64.Deploy.0 = Release|x64
		{3D3B737E-06E6-4A77-8A3B-789837CE2D11}.ReleaseAndroid9.0|x86.ActiveCfg = Release|x86
		{3D3B737E-06E6-4A77-8A3B-789837CE2D11}.ReleaseAndroid9.0|x86.Build.0 = Release|x86
		{3D3B737E-06E6-4A77-8A3B-789837CE2D11}.ReleaseAndroid9.0|x86.Deploy.0 = Release|x86
	EndGlobalSection
	GlobalSection(SolutionProperties) = preSolution
		HideSolutionNode = FALSE
	EndGlobalSection
	GlobalSection(NestedProjects) = preSolution
		{127470F1-4C3F-442B-84C7-6B771CB5D113} = {932B157B-E2E3-44DE-8678-E344F4D85EE3}
		{F6719964-727A-4C81-9C32-FA0B08CA8AE6} = {932B157B-E2E3-44DE-8678-E344F4D85EE3}
		{29B1C798-02D7-4732-ACC5-0FD2E4BBEC8B} = {932B157B-E2E3-44DE-8678-E344F4D85EE3}
		{1E904232-AE2E-4D45-95F3-0C9F4D12831C} = {932B157B-E2E3-44DE-8678-E344F4D85EE3}
	EndGlobalSection
	GlobalSection(ExtensibilityGlobals) = postSolution
		SolutionGuid = {2B96919F-65A7-4C83-88B2-4BA76A25DE2B}
	EndGlobalSection
EndGlobal
